name: Diff package lock

on:
  pull_request:
    branches:
      - main
    paths:
      - "package-lock.json"

jobs:
  diff:
    runs-on: ubuntu-latest
    steps:
      - name: Checkout code
        uses: actions/checkout@v4
        with:
          fetch-depth: 50
      - name: Post package-lock.json diff
        env:
          GH_TOKEN: ${{ secrets.GITHUB_TOKEN }}
        run: |
          diff=$(npx --yes diff-package-lock ${{ github.event.pull_request.base.sha }} ${{ github.event.pull_request.head.sha }});

          # shellcheck disable=SC2181
          if [[ $? -ne 0 ]]; then
            echo "Error: diff-package-lock failed"
            exit 1
          fi

          if [[ -n "$diff" ]]; then
            body='### Diff on package-lock\n\n'
            body='```diff
            '$(echo "$diff" | sed -E 's/\x1b\[[0-9;]*m//g' | sort | while read -r line; do
              pkg=${line%@*}
              version=${line##*@}
              printf "%-90s %-8s\n" "$pkg" "$version"
            done)'
            ```'

            gh pr comment ${{ github.event.pull_request.number }} \
              --create-if-none \
              --edit-last \
              --body "$body"
          fi
